
Microsoft Visual Studio Solution File, Format Version 12.00
# Visual Studio Version 17
VisualStudioVersion = 17.4.32804.182
MinimumVisualStudioVersion = 10.0.40219.1
Project("{9A19103F-16F7-4668-BE54-9A1E7A4F7556}") = "TestFramework", "TestFramework.csproj", "{F5509DBE-52D0-4ED6-86CF-1B7DB8290279}"
EndProject
Global
	GlobalSection(SolutionConfigurationPlatforms) = preSolution
		Debug|Any CPU = Debug|Any CPU
		Development|Any CPU = Development|Any CPU
		InSSAppSettings|Any CPU = InSSAppSettings|Any CPU
		Release|Any CPU = Release|Any CPU
		Test|Any CPU = Test|Any CPU
		Uat|Any CPU = Uat|Any CPU
	EndGlobalSection
	GlobalSection(ProjectConfigurationPlatforms) = postSolution
		{F5509DBE-52D0-4ED6-86CF-1B7DB8290279}.Debug|Any CPU.ActiveCfg = Debug|Any CPU
		{F5509DBE-52D0-4ED6-86CF-1B7DB8290279}.Debug|Any CPU.Build.0 = Debug|Any CPU
		{F5509DBE-52D0-4ED6-86CF-1B7DB8290279}.Development|Any CPU.ActiveCfg = Development|Any CPU
		{F5509DBE-52D0-4ED6-86CF-1B7DB8290279}.Development|Any CPU.Build.0 = Development|Any CPU
		{F5509DBE-52D0-4ED6-86CF-1B7DB8290279}.InSSAppSettings|Any CPU.ActiveCfg = InSSAppSettings|Any CPU
		{F5509DBE-52D0-4ED6-86CF-1B7DB8290279}.InSSAppSettings|Any CPU.Build.0 = InSSAppSettings|Any CPU
		{F5509DBE-52D0-4ED6-86CF-1B7DB8290279}.Release|Any CPU.ActiveCfg = Release|Any CPU
		{F5509DBE-52D0-4ED6-86CF-1B7DB8290279}.Release|Any CPU.Build.0 = Release|Any CPU
		{F5509DBE-52D0-4ED6-86CF-1B7DB8290279}.Test|Any CPU.ActiveCfg = Test|Any CPU
		{F5509DBE-52D0-4ED6-86CF-1B7DB8290279}.Test|Any CPU.Build.0 = Test|Any CPU
		{F5509DBE-52D0-4ED6-86CF-1B7DB8290279}.Uat|Any CPU.ActiveCfg = Uat|Any CPU
		{F5509DBE-52D0-4ED6-86CF-1B7DB8290279}.Uat|Any CPU.Build.0 = Uat|Any CPU
	EndGlobalSection
	GlobalSection(SolutionProperties) = preSolution
		HideSolutionNode = FALSE
	EndGlobalSection
	GlobalSection(ExtensibilityGlobals) = postSolution
		SolutionGuid = {A33DB219-005C-48E6-A236-0AABD1B765DC}
	EndGlobalSection
EndGlobal
